
Microsoft Visual Studio Solution File, Format Version 12.00
# Visual Studio 14
VisualStudioVersion = 14.0.25420.1
MinimumVisualStudioVersion = 10.0.40219.1
Project("{FAE04EC0-301F-11D3-BF4B-00C04F79EFBC}") = "Forum.WEB", "Forum.WEB\Forum.WEB.csproj", "{02351C15-C675-4E78-8977-EA45C1B33C4A}"
EndProject
Project("{FAE04EC0-301F-11D3-BF4B-00C04F79EFBC}") = "Forum.IoC", "Forum.IoC\Forum.IoC.csproj", "{C1B2B7C9-FD9F-4D89-9BF3-83EC1972C134}"
EndProject
Project("{FAE04EC0-301F-11D3-BF4B-00C04F79EFBC}") = "Forum.Core", "Forum.Core\Forum.Core.csproj", "{EA11DC04-B3F5-461A-B708-2E79894F4CA2}"
EndProject
Project("{FAE04EC0-301F-11D3-BF4B-00C04F79EFBC}") = "Forum.NewDAL", "Forum.Core.DAL\Forum.NewDAL.csproj", "{3D99FB54-7853-48BA-8C52-0E949C9E2F11}"
EndProject
Project("{FAE04EC0-301F-11D3-BF4B-00C04F79EFBC}") = "Forum.NewBLL", "Forum.Core.BLL\Forum.NewBLL.csproj", "{235B6405-B308-48D7-8C1F-82FEBA948D7A}"
EndProject
Global
	GlobalSection(SolutionConfigurationPlatforms) = preSolution
		Debug|Any CPU = Debug|Any CPU
		Release|Any CPU = Release|Any CPU
	EndGlobalSection
	GlobalSection(ProjectConfigurationPlatforms) = postSolution
		{02351C15-C675-4E78-8977-EA45C1B33C4A}.Debug|Any CPU.ActiveCfg = Debug|Any CPU
		{02351C15-C675-4E78-8977-EA45C1B33C4A}.Debug|Any CPU.Build.0 = Debug|Any CPU
		{02351C15-C675-4E78-8977-EA45C1B33C4A}.Release|Any CPU.ActiveCfg = Release|Any CPU
		{02351C15-C675-4E78-8977-EA45C1B33C4A}.Release|Any CPU.Build.0 = Release|Any CPU
		{C1B2B7C9-FD9F-4D89-9BF3-83EC1972C134}.Debug|Any CPU.ActiveCfg = Debug|Any CPU
		{C1B2B7C9-FD9F-4D89-9BF3-83EC1972C134}.Debug|Any CPU.Build.0 = Debug|Any CPU
		{C1B2B7C9-FD9F-4D89-9BF3-83EC1972C134}.Release|Any CPU.ActiveCfg = Release|Any CPU
		{C1B2B7C9-FD9F-4D89-9BF3-83EC1972C134}.Release|Any CPU.Build.0 = Release|Any CPU
		{EA11DC04-B3F5-461A-B708-2E79894F4CA2}.Debug|Any CPU.ActiveCfg = Debug|Any CPU
		{EA11DC04-B3F5-461A-B708-2E79894F4CA2}.Debug|Any CPU.Build.0 = Debug|Any CPU
		{EA11DC04-B3F5-461A-B708-2E79894F4CA2}.Release|Any CPU.ActiveCfg = Release|Any CPU
		{EA11DC04-B3F5-461A-B708-2E79894F4CA2}.Release|Any CPU.Build.0 = Release|Any CPU
		{3D99FB54-7853-48BA-8C52-0E949C9E2F11}.Debug|Any CPU.ActiveCfg = Debug|Any CPU
		{3D99FB54-7853-48BA-8C52-0E949C9E2F11}.Debug|Any CPU.Build.0 = Debug|Any CPU
		{3D99FB54-7853-48BA-8C52-0E949C9E2F11}.Release|Any CPU.ActiveCfg = Release|Any CPU
		{3D99FB54-7853-48BA-8C52-0E949C9E2F11}.Release|Any CPU.Build.0 = Release|Any CPU
		{235B6405-B308-48D7-8C1F-82FEBA948D7A}.Debug|Any CPU.ActiveCfg = Debug|Any CPU
		{235B6405-B308-48D7-8C1F-82FEBA948D7A}.Debug|Any CPU.Build.0 = Debug|Any CPU
		{235B6405-B308-48D7-8C1F-82FEBA948D7A}.Release|Any CPU.ActiveCfg = Release|Any CPU
		{235B6405-B308-48D7-8C1F-82FEBA948D7A}.Release|Any CPU.Build.0 = Release|Any CPU
	EndGlobalSection
	GlobalSection(SolutionProperties) = preSolution
		HideSolutionNode = FALSE
	EndGlobalSection
EndGlobal
